
Microsoft Visual Studio Solution File, Format Version 12.00
# Visual Studio Version 16
VisualStudioVersion = 16.0.33328.57
MinimumVisualStudioVersion = 10.0.40219.1
Project("{FAE04EC0-301F-11D3-BF4B-00C04F79EFBC}") = "Interface1", "Interface1\Interface1.csproj", "{FBA09DAF-B277-4A4C-B4E3-A7889EB24854}"
EndProject
Global
	GlobalSection(SolutionConfigurationPlatforms) = preSolution
		Debug|Any CPU = Debug|Any CPU
		Release|Any CPU = Release|Any CPU
	EndGlobalSection
	GlobalSection(ProjectConfigurationPlatforms) = postSolution
		{FBA09DAF-B277-4A4C-B4E3-A7889EB24854}.Debug|Any CPU.ActiveCfg = Debug|Any CPU
		{FBA09DAF-B277-4A4C-B4E3-A7889EB24854}.Debug|Any CPU.Build.0 = Debug|Any CPU
		{FBA09DAF-B277-4A4C-B4E3-A7889EB24854}.Release|Any CPU.ActiveCfg = Release|Any CPU
		{FBA09DAF-B277-4A4C-B4E3-A7889EB24854}.Release|Any CPU.Build.0 = Release|Any CPU
	EndGlobalSection
	GlobalSection(SolutionProperties) = preSolution
		HideSolutionNode = FALSE
	EndGlobalSection
	GlobalSection(ExtensibilityGlobals) = postSolution
		SolutionGuid = {74656303-D096-43DD-ACE0-3459B1DA19BF}
	EndGlobalSection
EndGlobal
